
Microsoft Visual Studio Solution File, Format Version 12.00
# Visual Studio Version 17
VisualStudioVersion = 17.6.33723.286
MinimumVisualStudioVersion = 10.0.40219.1
Project("{FAE04EC0-301F-11D3-BF4B-00C04F79EFBC}") = "ReTP3", "ReTP3\ReTP3.csproj", "{0ED0CCD7-3BDE-46A3-A80E-FF9C6AD7ACBA}"
EndProject
Global
	GlobalSection(SolutionConfigurationPlatforms) = preSolution
		Debug|Any CPU = Debug|Any CPU
		Release|Any CPU = Release|Any CPU
	EndGlobalSection
	GlobalSection(ProjectConfigurationPlatforms) = postSolution
		{0ED0CCD7-3BDE-46A3-A80E-FF9C6AD7ACBA}.Debug|Any CPU.ActiveCfg = Debug|Any CPU
		{0ED0CCD7-3BDE-46A3-A80E-FF9C6AD7ACBA}.Debug|Any CPU.Build.0 = Debug|Any CPU
		{0ED0CCD7-3BDE-46A3-A80E-FF9C6AD7ACBA}.Release|Any CPU.ActiveCfg = Release|Any CPU
		{0ED0CCD7-3BDE-46A3-A80E-FF9C6AD7ACBA}.Release|Any CPU.Build.0 = Release|Any CPU
	EndGlobalSection
	GlobalSection(SolutionProperties) = preSolution
		HideSolutionNode = FALSE
	EndGlobalSection
	GlobalSection(ExtensibilityGlobals) = postSolution
		SolutionGuid = {EF322F65-A511-4BDA-A7E1-78A26802A110}
	EndGlobalSection
EndGlobal
